
Microsoft Visual Studio Solution File, Format Version 12.00
# Visual Studio Version 16
VisualStudioVersion = 16.0.31019.35
MinimumVisualStudioVersion = 10.0.40219.1
Project("{FAE04EC0-301F-11D3-BF4B-00C04F79EFBC}") = "ReversedTickTackToe", "ReversedTickTackToe\ReversedTickTackToe.csproj", "{2E8EC820-A0EB-4F1C-82AE-42380DDDC3CC}"
EndProject
Project("{FAE04EC0-301F-11D3-BF4B-00C04F79EFBC}") = "Game_logic", "Board\Game_logic.csproj", "{BDE3BE5C-660A-4D2D-B1AC-9885728B67EC}"
EndProject
Project("{FAE04EC0-301F-11D3-BF4B-00C04F79EFBC}") = "WinFormUI", "WinFormUI\WinFormUI.csproj", "{D6728C81-2CB9-40CD-A3D1-740D4E4075C7}"
EndProject
Global
	GlobalSection(SolutionConfigurationPlatforms) = preSolution
		Debug|Any CPU = Debug|Any CPU
		Release|Any CPU = Release|Any CPU
	EndGlobalSection
	GlobalSection(ProjectConfigurationPlatforms) = postSolution
		{2E8EC820-A0EB-4F1C-82AE-42380DDDC3CC}.Debug|Any CPU.ActiveCfg = Debug|Any CPU
		{2E8EC820-A0EB-4F1C-82AE-42380DDDC3CC}.Debug|Any CPU.Build.0 = Debug|Any CPU
		{2E8EC820-A0EB-4F1C-82AE-42380DDDC3CC}.Release|Any CPU.ActiveCfg = Release|Any CPU
		{2E8EC820-A0EB-4F1C-82AE-42380DDDC3CC}.Release|Any CPU.Build.0 = Release|Any CPU
		{BDE3BE5C-660A-4D2D-B1AC-9885728B67EC}.Debug|Any CPU.ActiveCfg = Debug|Any CPU
		{BDE3BE5C-660A-4D2D-B1AC-9885728B67EC}.Debug|Any CPU.Build.0 = Debug|Any CPU
		{BDE3BE5C-660A-4D2D-B1AC-9885728B67EC}.Release|Any CPU.ActiveCfg = Release|Any CPU
		{BDE3BE5C-660A-4D2D-B1AC-9885728B67EC}.Release|Any CPU.Build.0 = Release|Any CPU
		{D6728C81-2CB9-40CD-A3D1-740D4E4075C7}.Debug|Any CPU.ActiveCfg = Debug|Any CPU
		{D6728C81-2CB9-40CD-A3D1-740D4E4075C7}.Debug|Any CPU.Build.0 = Debug|Any CPU
		{D6728C81-2CB9-40CD-A3D1-740D4E4075C7}.Release|Any CPU.ActiveCfg = Release|Any CPU
		{D6728C81-2CB9-40CD-A3D1-740D4E4075C7}.Release|Any CPU.Build.0 = Release|Any CPU
	EndGlobalSection
	GlobalSection(SolutionProperties) = preSolution
		HideSolutionNode = FALSE
	EndGlobalSection
	GlobalSection(ExtensibilityGlobals) = postSolution
		SolutionGuid = {5DAB8114-AD78-4C42-A1EA-4E1EF9755E27}
	EndGlobalSection
EndGlobal
